// !$*UTF8*$!
{
	archiveVersion = 1;
	classes = {
	};
	objectVersion = 60;
	objects = {

/* Begin PBXBuildFile section */
		C37751B42A04674D00473607 /* BrewUIApp.swift in Sources */ = {isa = PBXBuildFile; fileRef = C37751B32A04674D00473607 /* BrewUIApp.swift */; };
		C37751B62A04674D00473607 /* Helpers.swift in Sources */ = {isa = PBXBuildFile; fileRef = C37751B52A04674D00473607 /* Helpers.swift */; };
		C37751B82A04674F00473607 /* Assets.xcassets in Resources */ = {isa = PBXBuildFile; fileRef = C37751B72A04674F00473607 /* Assets.xcassets */; };
		C37751BB2A04674F00473607 /* Preview Assets.xcassets in Resources */ = {isa = PBXBuildFile; fileRef = C37751BA2A04674F00473607 /* Preview Assets.xcassets */; };
		C3AE7A4A2A0AD22E00C0012A /* MainView.swift in Sources */ = {isa = PBXBuildFile; fileRef = C3AE7A492A0AD22E00C0012A /* MainView.swift */; };
		C3AE7A4C2A0AD29E00C0012A /* InstalledView.swift in Sources */ = {isa = PBXBuildFile; fileRef = C3AE7A4B2A0AD29E00C0012A /* InstalledView.swift */; };
		C3AE7A4E2A0AD37B00C0012A /* UpdatesView.swift in Sources */ = {isa = PBXBuildFile; fileRef = C3AE7A4D2A0AD37A00C0012A /* UpdatesView.swift */; };
		C3AE7A502A0AD44C00C0012A /* AllPackagesView.swift in Sources */ = {isa = PBXBuildFile; fileRef = C3AE7A4F2A0AD44C00C0012A /* AllPackagesView.swift */; };
		C3AE7A542A0ADA5C00C0012A /* ItemView.swift in Sources */ = {isa = PBXBuildFile; fileRef = C3AE7A532A0ADA5C00C0012A /* ItemView.swift */; };
		C3AE7A562A0ADF0500C0012A /* ItemDetailView.swift in Sources */ = {isa = PBXBuildFile; fileRef = C3AE7A552A0ADF0500C0012A /* ItemDetailView.swift */; };
		C3BA428E2AA155520076D070 /* BrewCore in Frameworks */ = {isa = PBXBuildFile; productRef = C3BA428D2AA155520076D070 /* BrewCore */; };
/* End PBXBuildFile section */

/* Begin PBXFileReference section */
		C32A73232AA154A50015A66A /* BrewCore */ = {isa = PBXFileReference; lastKnownFileType = wrapper; path = BrewCore; sourceTree = "<group>"; };
		C37751B02A04674D00473607 /* BrewUI.app */ = {isa = PBXFileReference; explicitFileType = wrapper.application; includeInIndex = 0; path = BrewUI.app; sourceTree = BUILT_PRODUCTS_DIR; };
		C37751B32A04674D00473607 /* BrewUIApp.swift */ = {isa = PBXFileReference; lastKnownFileType = sourcecode.swift; path = BrewUIApp.swift; sourceTree = "<group>"; };
		C37751B52A04674D00473607 /* Helpers.swift */ = {isa = PBXFileReference; lastKnownFileType = sourcecode.swift; path = Helpers.swift; sourceTree = "<group>"; };
		C37751B72A04674F00473607 /* Assets.xcassets */ = {isa = PBXFileReference; lastKnownFileType = folder.assetcatalog; path = Assets.xcassets; sourceTree = "<group>"; };
		C37751BA2A04674F00473607 /* Preview Assets.xcassets */ = {isa = PBXFileReference; lastKnownFileType = folder.assetcatalog; path = "Preview Assets.xcassets"; sourceTree = "<group>"; };
		C37751BC2A04674F00473607 /* BrewUI.entitlements */ = {isa = PBXFileReference; lastKnownFileType = text.plist.entitlements; path = BrewUI.entitlements; sourceTree = "<group>"; };
		C3AE7A492A0AD22E00C0012A /* MainView.swift */ = {isa = PBXFileReference; lastKnownFileType = sourcecode.swift; path = MainView.swift; sourceTree = "<group>"; };
		C3AE7A4B2A0AD29E00C0012A /* InstalledView.swift */ = {isa = PBXFileReference; lastKnownFileType = sourcecode.swift; path = InstalledView.swift; sourceTree = "<group>"; };
		C3AE7A4D2A0AD37A00C0012A /* UpdatesView.swift */ = {isa = PBXFileReference; lastKnownFileType = sourcecode.swift; path = UpdatesView.swift; sourceTree = "<group>"; };
		C3AE7A4F2A0AD44C00C0012A /* AllPackagesView.swift */ = {isa = PBXFileReference; lastKnownFileType = sourcecode.swift; path = AllPackagesView.swift; sourceTree = "<group>"; };
		C3AE7A532A0ADA5C00C0012A /* ItemView.swift */ = {isa = PBXFileReference; lastKnownFileType = sourcecode.swift; path = ItemView.swift; sourceTree = "<group>"; };
		C3AE7A552A0ADF0500C0012A /* ItemDetailView.swift */ = {isa = PBXFileReference; lastKnownFileType = sourcecode.swift; path = ItemDetailView.swift; sourceTree = "<group>"; };
/* End PBXFileReference section */

/* Begin PBXFrameworksBuildPhase section */
		C37751AD2A04674D00473607 /* Frameworks */ = {
			isa = PBXFrameworksBuildPhase;
			buildActionMask = 2147483647;
			files = (
				C3BA428E2AA155520076D070 /* BrewCore in Frameworks */,
			);
			runOnlyForDeploymentPostprocessing = 0;
		};
/* End PBXFrameworksBuildPhase section */

/* Begin PBXGroup section */
		C37751A72A04674D00473607 = {
			isa = PBXGroup;
			children = (
				C32A73232AA154A50015A66A /* BrewCore */,
				C37751B22A04674D00473607 /* BrewUI */,
				C37751B12A04674D00473607 /* Products */,
				C3CE7B1C2A9D415B002809F3 /* Frameworks */,
			);
			sourceTree = "<group>";
		};
		C37751B12A04674D00473607 /* Products */ = {
			isa = PBXGroup;
			children = (
				C37751B02A04674D00473607 /* BrewUI.app */,
			);
			name = Products;
			sourceTree = "<group>";
		};
		C37751B22A04674D00473607 /* BrewUI */ = {
			isa = PBXGroup;
			children = (
				C3AE7A482A0AD20B00C0012A /* Views */,
				C37751B32A04674D00473607 /* BrewUIApp.swift */,
				C37751B72A04674F00473607 /* Assets.xcassets */,
				C37751BC2A04674F00473607 /* BrewUI.entitlements */,
				C37751B92A04674F00473607 /* Preview Content */,
			);
			path = BrewUI;
			sourceTree = "<group>";
		};
		C37751B92A04674F00473607 /* Preview Content */ = {
			isa = PBXGroup;
			children = (
				C37751BA2A04674F00473607 /* Preview Assets.xcassets */,
			);
			path = "Preview Content";
			sourceTree = "<group>";
		};
		C3AE7A482A0AD20B00C0012A /* Views */ = {
			isa = PBXGroup;
			children = (
				C3AE7A492A0AD22E00C0012A /* MainView.swift */,
				C3AE7A4B2A0AD29E00C0012A /* InstalledView.swift */,
				C3AE7A4D2A0AD37A00C0012A /* UpdatesView.swift */,
				C3AE7A4F2A0AD44C00C0012A /* AllPackagesView.swift */,
				C3AE7A532A0ADA5C00C0012A /* ItemView.swift */,
				C3AE7A552A0ADF0500C0012A /* ItemDetailView.swift */,
				C37751B52A04674D00473607 /* Helpers.swift */,
			);
			path = Views;
			sourceTree = "<group>";
		};
		C3CE7B1C2A9D415B002809F3 /* Frameworks */ = {
			isa = PBXGroup;
			children = (
			);
			name = Frameworks;
			sourceTree = "<group>";
		};
/* End PBXGroup section */

/* Begin PBXNativeTarget section */
		C37751AF2A04674D00473607 /* BrewUI */ = {
			isa = PBXNativeTarget;
			buildConfigurationList = C37751BF2A04674F00473607 /* Build configuration list for PBXNativeTarget "BrewUI" */;
			buildPhases = (
				C37751AC2A04674D00473607 /* Sources */,
				C37751AD2A04674D00473607 /* Frameworks */,
				C37751AE2A04674D00473607 /* Resources */,
			);
			buildRules = (
			);
			dependencies = (
				C37751C72A070B2900473607 /* PBXTargetDependency */,
			);
			name = BrewUI;
			packageProductDependencies = (
				C3BA428D2AA155520076D070 /* BrewCore */,
			);
			productName = BrewUI;
			productReference = C37751B02A04674D00473607 /* BrewUI.app */;
			productType = "com.apple.product-type.application";
		};
/* End PBXNativeTarget section */

/* Begin PBXProject section */
		C37751A82A04674D00473607 /* Project object */ = {
			isa = PBXProject;
			attributes = {
				BuildIndependentTargetsInParallel = 1;
				LastSwiftUpdateCheck = 1500;
				LastUpgradeCheck = 1500;
				TargetAttributes = {
					C37751AF2A04674D00473607 = {
						CreatedOnToolsVersion = 14.3;
					};
				};
			};
			buildConfigurationList = C37751AB2A04674D00473607 /* Build configuration list for PBXProject "BrewUI" */;
			compatibilityVersion = "Xcode 15.0";
			developmentRegion = en;
			hasScannedForEncodings = 0;
			knownRegions = (
				en,
				Base,
			);
			mainGroup = C37751A72A04674D00473607;
			packageReferences = (
			);
			productRefGroup = C37751B12A04674D00473607 /* Products */;
			projectDirPath = "";
			projectRoot = "";
			targets = (
				C37751AF2A04674D00473607 /* BrewUI */,
			);
		};
/* End PBXProject section */

/* Begin PBXResourcesBuildPhase section */
		C37751AE2A04674D00473607 /* Resources */ = {
			isa = PBXResourcesBuildPhase;
			buildActionMask = 2147483647;
			files = (
				C37751BB2A04674F00473607 /* Preview Assets.xcassets in Resources */,
				C37751B82A04674F00473607 /* Assets.xcassets in Resources */,
			);
			runOnlyForDeploymentPostprocessing = 0;
		};
/* End PBXResourcesBuildPhase section */

/* Begin PBXSourcesBuildPhase section */
		C37751AC2A04674D00473607 /* Sources */ = {
			isa = PBXSourcesBuildPhase;
			buildActionMask = 2147483647;
			files = (
				C3AE7A562A0ADF0500C0012A /* ItemDetailView.swift in Sources */,
				C3AE7A4E2A0AD37B00C0012A /* UpdatesView.swift in Sources */,
				C37751B62A04674D00473607 /* Helpers.swift in Sources */,
				C3AE7A502A0AD44C00C0012A /* AllPackagesView.swift in Sources */,
				C3AE7A542A0ADA5C00C0012A /* ItemView.swift in Sources */,
				C3AE7A4C2A0AD29E00C0012A /* InstalledView.swift in Sources */,
				C3AE7A4A2A0AD22E00C0012A /* MainView.swift in Sources */,
				C37751B42A04674D00473607 /* BrewUIApp.swift in Sources */,
			);
			runOnlyForDeploymentPostprocessing = 0;
		};
/* End PBXSourcesBuildPhase section */

/* Begin PBXTargetDependency section */
		C37751C72A070B2900473607 /* PBXTargetDependency */ = {
			isa = PBXTargetDependency;
			productRef = C37751C62A070B2900473607 /* SwiftLintPlugin */;
		};
/* End PBXTargetDependency section */

/* Begin XCBuildConfiguration section */
		C37751BD2A04674F00473607 /* Debug */ = {
			isa = XCBuildConfiguration;
			buildSettings = {
				ALWAYS_SEARCH_USER_PATHS = NO;
				ASSETCATALOG_COMPILER_GENERATE_SWIFT_ASSET_SYMBOL_EXTENSIONS = YES;
				CLANG_ANALYZER_NONNULL = YES;
				CLANG_ANALYZER_NUMBER_OBJECT_CONVERSION = YES_AGGRESSIVE;
				CLANG_CXX_LANGUAGE_STANDARD = "gnu++20";
				CLANG_ENABLE_MODULES = YES;
				CLANG_ENABLE_OBJC_ARC = YES;
				CLANG_ENABLE_OBJC_WEAK = YES;
				CLANG_WARN_BLOCK_CAPTURE_AUTORELEASING = YES;
				CLANG_WARN_BOOL_CONVERSION = YES;
				CLANG_WARN_COMMA = YES;
				CLANG_WARN_CONSTANT_CONVERSION = YES;
				CLANG_WARN_DEPRECATED_OBJC_IMPLEMENTATIONS = YES;
				CLANG_WARN_DIRECT_OBJC_ISA_USAGE = YES_ERROR;
				CLANG_WARN_DOCUMENTATION_COMMENTS = YES;
				CLANG_WARN_EMPTY_BODY = YES;
				CLANG_WARN_ENUM_CONVERSION = YES;
				CLANG_WARN_INFINITE_RECURSION = YES;
				CLANG_WARN_INT_CONVERSION = YES;
				CLANG_WARN_NON_LITERAL_NULL_CONVERSION = YES;
				CLANG_WARN_OBJC_IMPLICIT_RETAIN_SELF = YES;
				CLANG_WARN_OBJC_LITERAL_CONVERSION = YES;
				CLANG_WARN_OBJC_ROOT_CLASS = YES_ERROR;
				CLANG_WARN_QUOTED_INCLUDE_IN_FRAMEWORK_HEADER = YES;
				CLANG_WARN_RANGE_LOOP_ANALYSIS = YES;
				CLANG_WARN_STRICT_PROTOTYPES = YES;
				CLANG_WARN_SUSPICIOUS_MOVE = YES;
				CLANG_WARN_UNGUARDED_AVAILABILITY = YES_AGGRESSIVE;
				CLANG_WARN_UNREACHABLE_CODE = YES;
				CLANG_WARN__DUPLICATE_METHOD_MATCH = YES;
				COPY_PHASE_STRIP = NO;
				DEAD_CODE_STRIPPING = YES;
				DEBUG_INFORMATION_FORMAT = dwarf;
				EAGER_LINKING = YES;
				ENABLE_STRICT_OBJC_MSGSEND = YES;
				ENABLE_TESTABILITY = YES;
				ENABLE_USER_SCRIPT_SANDBOXING = YES;
				FUSE_BUILD_SCRIPT_PHASES = YES;
				GCC_C_LANGUAGE_STANDARD = gnu11;
				GCC_DYNAMIC_NO_PIC = NO;
				GCC_NO_COMMON_BLOCKS = YES;
				GCC_OPTIMIZATION_LEVEL = 0;
				GCC_PREPROCESSOR_DEFINITIONS = (
					"DEBUG=1",
					"$(inherited)",
				);
				GCC_WARN_64_TO_32_BIT_CONVERSION = YES;
				GCC_WARN_ABOUT_RETURN_TYPE = YES_ERROR;
				GCC_WARN_UNDECLARED_SELECTOR = YES;
				GCC_WARN_UNINITIALIZED_AUTOS = YES_AGGRESSIVE;
				GCC_WARN_UNUSED_FUNCTION = YES;
				GCC_WARN_UNUSED_VARIABLE = YES;
				LLVM_LTO = YES_THIN;
				MACOSX_DEPLOYMENT_TARGET = 13.3;
				MERGEABLE_LIBRARY = NO;
				MERGED_BINARY_TYPE = automatic;
				MTL_ENABLE_DEBUG_INFO = INCLUDE_SOURCE;
				MTL_FAST_MATH = YES;
				ONLY_ACTIVE_ARCH = YES;
				SDKROOT = macosx;
				SWIFT_ACTIVE_COMPILATION_CONDITIONS = DEBUG;
				SWIFT_OPTIMIZATION_LEVEL = "-Onone";
				SWIFT_STRICT_CONCURRENCY = complete;
			};
			name = Debug;
		};
		C37751BE2A04674F00473607 /* Release */ = {
			isa = XCBuildConfiguration;
			buildSettings = {
				ALWAYS_SEARCH_USER_PATHS = NO;
				ASSETCATALOG_COMPILER_GENERATE_SWIFT_ASSET_SYMBOL_EXTENSIONS = YES;
				CLANG_ANALYZER_NONNULL = YES;
				CLANG_ANALYZER_NUMBER_OBJECT_CONVERSION = YES_AGGRESSIVE;
				CLANG_CXX_LANGUAGE_STANDARD = "gnu++20";
				CLANG_ENABLE_MODULES = YES;
				CLANG_ENABLE_OBJC_ARC = YES;
				CLANG_ENABLE_OBJC_WEAK = YES;
				CLANG_WARN_BLOCK_CAPTURE_AUTORELEASING = YES;
				CLANG_WARN_BOOL_CONVERSION = YES;
				CLANG_WARN_COMMA = YES;
				CLANG_WARN_CONSTANT_CONVERSION = YES;
				CLANG_WARN_DEPRECATED_OBJC_IMPLEMENTATIONS = YES;
				CLANG_WARN_DIRECT_OBJC_ISA_USAGE = YES_ERROR;
				CLANG_WARN_DOCUMENTATION_COMMENTS = YES;
				CLANG_WARN_EMPTY_BODY = YES;
				CLANG_WARN_ENUM_CONVERSION = YES;
				CLANG_WARN_INFINITE_RECURSION = YES;
				CLANG_WARN_INT_CONVERSION = YES;
				CLANG_WARN_NON_LITERAL_NULL_CONVERSION = YES;
				CLANG_WARN_OBJC_IMPLICIT_RETAIN_SELF = YES;
				CLANG_WARN_OBJC_LITERAL_CONVERSION = YES;
				CLANG_WARN_OBJC_ROOT_CLASS = YES_ERROR;
				CLANG_WARN_QUOTED_INCLUDE_IN_FRAMEWORK_HEADER = YES;
				CLANG_WARN_RANGE_LOOP_ANALYSIS = YES;
				CLANG_WARN_STRICT_PROTOTYPES = YES;
				CLANG_WARN_SUSPICIOUS_MOVE = YES;
				CLANG_WARN_UNGUARDED_AVAILABILITY = YES_AGGRESSIVE;
				CLANG_WARN_UNREACHABLE_CODE = YES;
				CLANG_WARN__DUPLICATE_METHOD_MATCH = YES;
				COPY_PHASE_STRIP = NO;
				DEAD_CODE_STRIPPING = YES;
				DEBUG_INFORMATION_FORMAT = "dwarf-with-dsym";
				EAGER_LINKING = YES;
				ENABLE_NS_ASSERTIONS = NO;
				ENABLE_STRICT_OBJC_MSGSEND = YES;
				ENABLE_USER_SCRIPT_SANDBOXING = YES;
				FUSE_BUILD_SCRIPT_PHASES = YES;
				GCC_C_LANGUAGE_STANDARD = gnu11;
				GCC_NO_COMMON_BLOCKS = YES;
				GCC_WARN_64_TO_32_BIT_CONVERSION = YES;
				GCC_WARN_ABOUT_RETURN_TYPE = YES_ERROR;
				GCC_WARN_UNDECLARED_SELECTOR = YES;
				GCC_WARN_UNINITIALIZED_AUTOS = YES_AGGRESSIVE;
				GCC_WARN_UNUSED_FUNCTION = YES;
				GCC_WARN_UNUSED_VARIABLE = YES;
				LLVM_LTO = YES_THIN;
				MACOSX_DEPLOYMENT_TARGET = 13.3;
				MERGEABLE_LIBRARY = NO;
				MERGED_BINARY_TYPE = automatic;
				MTL_ENABLE_DEBUG_INFO = NO;
				MTL_FAST_MATH = YES;
				SDKROOT = macosx;
				SWIFT_COMPILATION_MODE = wholemodule;
				SWIFT_OPTIMIZATION_LEVEL = "-O";
				SWIFT_STRICT_CONCURRENCY = complete;
			};
			name = Release;
		};
		C37751C02A04674F00473607 /* Debug */ = {
			isa = XCBuildConfiguration;
			buildSettings = {
				ASSETCATALOG_COMPILER_APPICON_NAME = AppIcon;
				ASSETCATALOG_COMPILER_GLOBAL_ACCENT_COLOR_NAME = AccentColor;
				CODE_SIGN_ENTITLEMENTS = BrewUI/BrewUI.entitlements;
				CODE_SIGN_STYLE = Automatic;
				COMBINE_HIDPI_IMAGES = YES;
				CURRENT_PROJECT_VERSION = 12;
				DEAD_CODE_STRIPPING = YES;
				DEVELOPMENT_ASSET_PATHS = "\"BrewUI/Preview Content\"";
				DEVELOPMENT_TEAM = RSRVS8D9PW;
				ENABLE_HARDENED_RUNTIME = NO;
				ENABLE_PREVIEWS = YES;
				GENERATE_INFOPLIST_FILE = YES;
				INFOPLIST_KEY_LSApplicationCategoryType = "public.app-category.utilities";
				INFOPLIST_KEY_NSHumanReadableCopyright = "";
				LD_RUNPATH_SEARCH_PATHS = (
					"$(inherited)",
					"@executable_path/../Frameworks",
				);
				MACOSX_DEPLOYMENT_TARGET = 14.0;
				MARKETING_VERSION = 0.1.2;
				PRODUCT_BUNDLE_IDENTIFIER = io.harkema.BrewUI;
				PRODUCT_NAME = "$(TARGET_NAME)";
				SWIFT_EMIT_LOC_STRINGS = YES;
				SWIFT_VERSION = 5.0;
			};
			name = Debug;
		};
		C37751C12A04674F00473607 /* Release */ = {
			isa = XCBuildConfiguration;
			buildSettings = {
				ASSETCATALOG_COMPILER_APPICON_NAME = AppIcon;
				ASSETCATALOG_COMPILER_GLOBAL_ACCENT_COLOR_NAME = AccentColor;
				CODE_SIGN_ENTITLEMENTS = BrewUI/BrewUI.entitlements;
				CODE_SIGN_STYLE = Automatic;
				COMBINE_HIDPI_IMAGES = YES;
				CURRENT_PROJECT_VERSION = 12;
				DEAD_CODE_STRIPPING = YES;
				DEVELOPMENT_ASSET_PATHS = "\"BrewUI/Preview Content\"";
				DEVELOPMENT_TEAM = RSRVS8D9PW;
				ENABLE_HARDENED_RUNTIME = NO;
				ENABLE_PREVIEWS = YES;
				GENERATE_INFOPLIST_FILE = YES;
				INFOPLIST_KEY_LSApplicationCategoryType = "public.app-category.utilities";
				INFOPLIST_KEY_NSHumanReadableCopyright = "";
				LD_RUNPATH_SEARCH_PATHS = (
					"$(inherited)",
					"@executable_path/../Frameworks",
				);
				MACOSX_DEPLOYMENT_TARGET = 14.0;
				MARKETING_VERSION = 0.1.2;
				PRODUCT_BUNDLE_IDENTIFIER = io.harkema.BrewUI;
				PRODUCT_NAME = "$(TARGET_NAME)";
				SWIFT_EMIT_LOC_STRINGS = YES;
				SWIFT_VERSION = 5.0;
			};
			name = Release;
		};
/* End XCBuildConfiguration section */

/* Begin XCConfigurationList section */
		C37751AB2A04674D00473607 /* Build configuration list for PBXProject "BrewUI" */ = {
			isa = XCConfigurationList;
			buildConfigurations = (
				C37751BD2A04674F00473607 /* Debug */,
				C37751BE2A04674F00473607 /* Release */,
			);
			defaultConfigurationIsVisible = 0;
			defaultConfigurationName = Release;
		};
		C37751BF2A04674F00473607 /* Build configuration list for PBXNativeTarget "BrewUI" */ = {
			isa = XCConfigurationList;
			buildConfigurations = (
				C37751C02A04674F00473607 /* Debug */,
				C37751C12A04674F00473607 /* Release */,
			);
			defaultConfigurationIsVisible = 0;
			defaultConfigurationName = Release;
		};
/* End XCConfigurationList section */

/* Begin XCRemoteSwiftPackageReference section */
		C37751C52A070B1D00473607 /* XCRemoteSwiftPackageReference "SwiftLint" */ = {
			isa = XCRemoteSwiftPackageReference;
			repositoryURL = "https://github.com/realm/SwiftLint";
			requirement = {
				kind = upToNextMajorVersion;
				minimumVersion = 0.51.0;
			};
		};
/* End XCRemoteSwiftPackageReference section */

/* Begin XCSwiftPackageProductDependency section */
		C37751C62A070B2900473607 /* SwiftLintPlugin */ = {
			isa = XCSwiftPackageProductDependency;
			package = C37751C52A070B1D00473607 /* XCRemoteSwiftPackageReference "SwiftLint" */;
			productName = "plugin:SwiftLintPlugin";
		};
		C3BA428D2AA155520076D070 /* BrewCore */ = {
			isa = XCSwiftPackageProductDependency;
			productName = BrewCore;
		};
/* End XCSwiftPackageProductDependency section */
	};
	rootObject = C37751A82A04674D00473607 /* Project object */;
}
